Microsoft Visual Studio Solution File, Format Version 12.00
# Visual Studio Version 17
VisualStudioVersion = 17.5.2.0
MinimumVisualStudioVersion = 10.0.40219.1
Project("{FAE04EC0-301F-11D3-BF4B-00C04F79EFBC}") = "BeatSaberAP", "BeatSaberAP.csproj", "{7C37AEB2-6714-C653-BEB6-516B2F133422}"
EndProject
Global
	GlobalSection(SolutionConfigurationPlatforms) = preSolution
		Debug|Any CPU = Debug|Any CPU
		Release|Any CPU = Release|Any CPU
	EndGlobalSection
	GlobalSection(ProjectConfigurationPlatforms) = postSolution
		{7C37AEB2-6714-C653-BEB6-516B2F133422}.Debug|Any CPU.ActiveCfg = Debug|Any CPU
		{7C37AEB2-6714-C653-BEB6-516B2F133422}.Debug|Any CPU.Build.0 = Debug|Any CPU
		{7C37AEB2-6714-C653-BEB6-516B2F133422}.Release|Any CPU.ActiveCfg = Release|Any CPU
		{7C37AEB2-6714-C653-BEB6-516B2F133422}.Release|Any CPU.Build.0 = Release|Any CPU
	EndGlobalSection
	GlobalSection(SolutionProperties) = preSolution
		HideSolutionNode = FALSE
	EndGlobalSection
	GlobalSection(ExtensibilityGlobals) = postSolution
		SolutionGuid = {86179149-950D-49D2-9C02-F79D756AE17B}
	EndGlobalSection
EndGlobal
